
Microsoft Visual Studio Solution File, Format Version 12.00
# Visual Studio Version 16
VisualStudioVersion = 16.0.29728.190
MinimumVisualStudioVersion = 10.0.40219.1
Project("{2150E333-8FDC-42A3-9474-1A3956D46DE8}") = "数据层", "数据层", "{C7ECBA8F-ABBA-44B1-8225-77264F53B697}"
EndProject
Project("{2150E333-8FDC-42A3-9474-1A3956D46DE8}") = "服务层", "服务层", "{B60CB1B8-F0C4-4ECC-9BF4-E69960A5689C}"
EndProject
Project("{FAE04EC0-301F-11D3-BF4B-00C04F79EFBC}") = "Puss.Data", "Puss.Data\Puss.Data.csproj", "{EF52245A-CEE1-4A2A-AC1E-B419FA43EAE7}"
EndProject
Project("{2150E333-8FDC-42A3-9474-1A3956D46DE8}") = "Api", "Api", "{6738FE0B-8D8E-4112-B3EE-2F5251E8BF1C}"
EndProject
Project("{9A19103F-16F7-4668-BE54-9A1E7A4F7556}") = "Puss.Api", "Puss.Api\Puss.Api.csproj", "{B1F23136-7CB9-4C95-A3B4-3E37410AFCBE}"
EndProject
Project("{FAE04EC0-301F-11D3-BF4B-00C04F79EFBC}") = "Puss.Application", "Puss.Application\Puss.Application.csproj", "{EC8253E3-6D1C-4DEB-BB50-9915C47966F0}"
EndProject
Project("{9A19103F-16F7-4668-BE54-9A1E7A4F7556}") = "Puss.RabbitMQ", "Puss.RabbitMQ\Puss.RabbitMQ.csproj", "{305AB9A9-AF03-432C-A11E-0B65A469A45F}"
EndProject
Project("{FAE04EC0-301F-11D3-BF4B-00C04F79EFBC}") = "Puss.Redis", "Puss.Redis\Puss.Redis.csproj", "{ABB538D6-4B5D-49CF-B703-6F7F3FEF575A}"
EndProject
Project("{FAE04EC0-301F-11D3-BF4B-00C04F79EFBC}") = "Puss.Email", "Puss.Email\Puss.Email.csproj", "{67ADC1B9-1B9F-41D5-8D6C-42B49C56D961}"
EndProject
Project("{9A19103F-16F7-4668-BE54-9A1E7A4F7556}") = "Puss.BusinessCore", "Puss.BusinessCore\Puss.BusinessCore.csproj", "{198EA81C-C4E8-449C-BF63-7F3B1874FE44}"
EndProject
Project("{9A19103F-16F7-4668-BE54-9A1E7A4F7556}") = "Puss.Enties", "Puss.Enties\Puss.Enties.csproj", "{F6E035A9-5132-4B8E-A92C-3E5A3DC1CF90}"
EndProject
Project("{9A19103F-16F7-4668-BE54-9A1E7A4F7556}") = "SoEasyPlatform", "SoEasyPlatform\SoEasyPlatform.csproj", "{2CD928A2-33AA-44E5-B70E-28B2AEED3173}"
EndProject
Project("{FAE04EC0-301F-11D3-BF4B-00C04F79EFBC}") = "Puss.QrCode", "Puss.QrCode\Puss.QrCode.csproj", "{E2AE2505-A1C2-4100-BE7A-09121A655362}"
EndProject
Project("{FAE04EC0-301F-11D3-BF4B-00C04F79EFBC}") = "Puss.Reptile", "Puss.Reptile\Puss.Reptile.csproj", "{CEB9D19E-5F04-4400-98E0-CF351DF3C350}"
EndProject
Project("{FAE04EC0-301F-11D3-BF4B-00C04F79EFBC}") = "Puss.Log", "Puss.Log\Puss.Log.csproj", "{DA744C07-0E72-4C9D-AED7-4EB59549F98C}"
EndProject
Global
	GlobalSection(SolutionConfigurationPlatforms) = preSolution
		Debug|Any CPU = Debug|Any CPU
		Release|Any CPU = Release|Any CPU
	EndGlobalSection
	GlobalSection(ProjectConfigurationPlatforms) = postSolution
		{EF52245A-CEE1-4A2A-AC1E-B419FA43EAE7}.Debug|Any CPU.ActiveCfg = Debug|Any CPU
		{EF52245A-CEE1-4A2A-AC1E-B419FA43EAE7}.Debug|Any CPU.Build.0 = Debug|Any CPU
		{EF52245A-CEE1-4A2A-AC1E-B419FA43EAE7}.Release|Any CPU.ActiveCfg = Release|Any CPU
		{EF52245A-CEE1-4A2A-AC1E-B419FA43EAE7}.Release|Any CPU.Build.0 = Release|Any CPU
		{B1F23136-7CB9-4C95-A3B4-3E37410AFCBE}.Debug|Any CPU.ActiveCfg = Debug|Any CPU
		{B1F23136-7CB9-4C95-A3B4-3E37410AFCBE}.Debug|Any CPU.Build.0 = Debug|Any CPU
		{B1F23136-7CB9-4C95-A3B4-3E37410AFCBE}.Release|Any CPU.ActiveCfg = Release|Any CPU
		{B1F23136-7CB9-4C95-A3B4-3E37410AFCBE}.Release|Any CPU.Build.0 = Release|Any CPU
		{EC8253E3-6D1C-4DEB-BB50-9915C47966F0}.Debug|Any CPU.ActiveCfg = Debug|Any CPU
		{EC8253E3-6D1C-4DEB-BB50-9915C47966F0}.Debug|Any CPU.Build.0 = Debug|Any CPU
		{EC8253E3-6D1C-4DEB-BB50-9915C47966F0}.Release|Any CPU.ActiveCfg = Release|Any CPU
		{EC8253E3-6D1C-4DEB-BB50-9915C47966F0}.Release|Any CPU.Build.0 = Release|Any CPU
		{305AB9A9-AF03-432C-A11E-0B65A469A45F}.Debug|Any CPU.ActiveCfg = Debug|Any CPU
		{305AB9A9-AF03-432C-A11E-0B65A469A45F}.Debug|Any CPU.Build.0 = Debug|Any CPU
		{305AB9A9-AF03-432C-A11E-0B65A469A45F}.Release|Any CPU.ActiveCfg = Release|Any CPU
		{305AB9A9-AF03-432C-A11E-0B65A469A45F}.Release|Any CPU.Build.0 = Release|Any CPU
		{ABB538D6-4B5D-49CF-B703-6F7F3FEF575A}.Debug|Any CPU.ActiveCfg = Debug|Any CPU
		{ABB538D6-4B5D-49CF-B703-6F7F3FEF575A}.Debug|Any CPU.Build.0 = Debug|Any CPU
		{ABB538D6-4B5D-49CF-B703-6F7F3FEF575A}.Release|Any CPU.ActiveCfg = Release|Any CPU
		{ABB538D6-4B5D-49CF-B703-6F7F3FEF575A}.Release|Any CPU.Build.0 = Release|Any CPU
		{67ADC1B9-1B9F-41D5-8D6C-42B49C56D961}.Debug|Any CPU.ActiveCfg = Debug|Any CPU
		{67ADC1B9-1B9F-41D5-8D6C-42B49C56D961}.Debug|Any CPU.Build.0 = Debug|Any CPU
		{67ADC1B9-1B9F-41D5-8D6C-42B49C56D961}.Release|Any CPU.ActiveCfg = Release|Any CPU
		{67ADC1B9-1B9F-41D5-8D6C-42B49C56D961}.Release|Any CPU.Build.0 = Release|Any CPU
		{198EA81C-C4E8-449C-BF63-7F3B1874FE44}.Debug|Any CPU.ActiveCfg = Debug|Any CPU
		{198EA81C-C4E8-449C-BF63-7F3B1874FE44}.Debug|Any CPU.Build.0 = Debug|Any CPU
		{198EA81C-C4E8-449C-BF63-7F3B1874FE44}.Release|Any CPU.ActiveCfg = Release|Any CPU
		{198EA81C-C4E8-449C-BF63-7F3B1874FE44}.Release|Any CPU.Build.0 = Release|Any CPU
		{F6E035A9-5132-4B8E-A92C-3E5A3DC1CF90}.Debug|Any CPU.ActiveCfg = Debug|Any CPU
		{F6E035A9-5132-4B8E-A92C-3E5A3DC1CF90}.Debug|Any CPU.Build.0 = Debug|Any CPU
		{F6E035A9-5132-4B8E-A92C-3E5A3DC1CF90}.Release|Any CPU.ActiveCfg = Release|Any CPU
		{F6E035A9-5132-4B8E-A92C-3E5A3DC1CF90}.Release|Any CPU.Build.0 = Release|Any CPU
		{2CD928A2-33AA-44E5-B70E-28B2AEED3173}.Debug|Any CPU.ActiveCfg = Debug|Any CPU
		{2CD928A2-33AA-44E5-B70E-28B2AEED3173}.Debug|Any CPU.Build.0 = Debug|Any CPU
		{2CD928A2-33AA-44E5-B70E-28B2AEED3173}.Release|Any CPU.ActiveCfg = Release|Any CPU
		{2CD928A2-33AA-44E5-B70E-28B2AEED3173}.Release|Any CPU.Build.0 = Release|Any CPU
		{E2AE2505-A1C2-4100-BE7A-09121A655362}.Debug|Any CPU.ActiveCfg = Debug|Any CPU
		{E2AE2505-A1C2-4100-BE7A-09121A655362}.Debug|Any CPU.Build.0 = Debug|Any CPU
		{E2AE2505-A1C2-4100-BE7A-09121A655362}.Release|Any CPU.ActiveCfg = Release|Any CPU
		{E2AE2505-A1C2-4100-BE7A-09121A655362}.Release|Any CPU.Build.0 = Release|Any CPU
		{CEB9D19E-5F04-4400-98E0-CF351DF3C350}.Debug|Any CPU.ActiveCfg = Debug|Any CPU
		{CEB9D19E-5F04-4400-98E0-CF351DF3C350}.Debug|Any CPU.Build.0 = Debug|Any CPU
		{CEB9D19E-5F04-4400-98E0-CF351DF3C350}.Release|Any CPU.ActiveCfg = Release|Any CPU
		{CEB9D19E-5F04-4400-98E0-CF351DF3C350}.Release|Any CPU.Build.0 = Release|Any CPU
		{DA744C07-0E72-4C9D-AED7-4EB59549F98C}.Debug|Any CPU.ActiveCfg = Debug|Any CPU
		{DA744C07-0E72-4C9D-AED7-4EB59549F98C}.Debug|Any CPU.Build.0 = Debug|Any CPU
		{DA744C07-0E72-4C9D-AED7-4EB59549F98C}.Release|Any CPU.ActiveCfg = Release|Any CPU
		{DA744C07-0E72-4C9D-AED7-4EB59549F98C}.Release|Any CPU.Build.0 = Release|Any CPU
	EndGlobalSection
	GlobalSection(SolutionProperties) = preSolution
		HideSolutionNode = FALSE
	EndGlobalSection
	GlobalSection(NestedProjects) = preSolution
		{EF52245A-CEE1-4A2A-AC1E-B419FA43EAE7} = {C7ECBA8F-ABBA-44B1-8225-77264F53B697}
		{B1F23136-7CB9-4C95-A3B4-3E37410AFCBE} = {6738FE0B-8D8E-4112-B3EE-2F5251E8BF1C}
		{EC8253E3-6D1C-4DEB-BB50-9915C47966F0} = {B60CB1B8-F0C4-4ECC-9BF4-E69960A5689C}
		{305AB9A9-AF03-432C-A11E-0B65A469A45F} = {B60CB1B8-F0C4-4ECC-9BF4-E69960A5689C}
		{ABB538D6-4B5D-49CF-B703-6F7F3FEF575A} = {B60CB1B8-F0C4-4ECC-9BF4-E69960A5689C}
		{67ADC1B9-1B9F-41D5-8D6C-42B49C56D961} = {B60CB1B8-F0C4-4ECC-9BF4-E69960A5689C}
		{198EA81C-C4E8-449C-BF63-7F3B1874FE44} = {C7ECBA8F-ABBA-44B1-8225-77264F53B697}
		{F6E035A9-5132-4B8E-A92C-3E5A3DC1CF90} = {C7ECBA8F-ABBA-44B1-8225-77264F53B697}
		{2CD928A2-33AA-44E5-B70E-28B2AEED3173} = {C7ECBA8F-ABBA-44B1-8225-77264F53B697}
		{E2AE2505-A1C2-4100-BE7A-09121A655362} = {B60CB1B8-F0C4-4ECC-9BF4-E69960A5689C}
		{CEB9D19E-5F04-4400-98E0-CF351DF3C350} = {B60CB1B8-F0C4-4ECC-9BF4-E69960A5689C}
		{DA744C07-0E72-4C9D-AED7-4EB59549F98C} = {B60CB1B8-F0C4-4ECC-9BF4-E69960A5689C}
	EndGlobalSection
	GlobalSection(ExtensibilityGlobals) = postSolution
		SolutionGuid = {59F6E3B6-A66D-4C21-9329-CF920749F1C2}
	EndGlobalSection
EndGlobal
