
Microsoft Visual Studio Solution File, Format Version 12.00
# Visual Studio Version 16
VisualStudioVersion = 16.0.29728.190
MinimumVisualStudioVersion = 10.0.40219.1
Project("{2150E333-8FDC-42A3-9474-1A3956D46DE8}") = "数据层", "数据层", "{C7ECBA8F-ABBA-44B1-8225-77264F53B697}"
EndProject
Project("{2150E333-8FDC-42A3-9474-1A3956D46DE8}") = "服务层", "服务层", "{B60CB1B8-F0C4-4ECC-9BF4-E69960A5689C}"
EndProject
Project("{2150E333-8FDC-42A3-9474-1A3956D46DE8}") = "Api", "Api", "{6738FE0B-8D8E-4112-B3EE-2F5251E8BF1C}"
EndProject
Project("{9A19103F-16F7-4668-BE54-9A1E7A4F7556}") = "Puss.Api", "Puss.Api\Puss.Api.csproj", "{B1F23136-7CB9-4C95-A3B4-3E37410AFCBE}"
EndProject
Project("{9A19103F-16F7-4668-BE54-9A1E7A4F7556}") = "Puss.Log", "Puss.Log\Puss.Log.csproj", "{5037C2A2-BFAF-4B01-9B7F-C926B658C793}"
EndProject
Project("{9A19103F-16F7-4668-BE54-9A1E7A4F7556}") = "Puss.OAuth1", "Puss.OAuth1\Puss.OAuth1.csproj", "{0998D3B9-4BCB-4BF3-AF9F-4FBD88669A3C}"
EndProject
Project("{9A19103F-16F7-4668-BE54-9A1E7A4F7556}") = "Puss.Iphone", "Puss.Iphone\Puss.Iphone.csproj", "{1A7E5FC4-8D66-437B-AD72-AFD4118603B1}"
EndProject
Project("{9A19103F-16F7-4668-BE54-9A1E7A4F7556}") = "SoEasyPlatform", "SoEasyPlatform\SoEasyPlatform.csproj", "{11EF24B4-6AA1-4CC5-8653-B060130951FE}"
EndProject
Project("{9A19103F-16F7-4668-BE54-9A1E7A4F7556}") = "Puss.Attendance", "Puss.Attendance\Puss.Attendance.csproj", "{E7ABE669-4C1E-45E6-A95F-5438FA0FFD02}"
EndProject
Project("{9A19103F-16F7-4668-BE54-9A1E7A4F7556}") = "Puss.Encrypt", "Puss.Encrypt\Puss.Encrypt.csproj", "{61728B20-7FEC-4ABB-9D67-6F87E03F5659}"
EndProject
Project("{9A19103F-16F7-4668-BE54-9A1E7A4F7556}") = "Puss.Api.Manager", "Puss.Api.Manager\Puss.Api.Manager.csproj", "{BED03A05-61B3-4E76-8314-DA64418EA626}"
EndProject
Project("{9A19103F-16F7-4668-BE54-9A1E7A4F7556}") = "Puss.Api.Filters", "Puss.Api.Filters\Puss.Api.Filters.csproj", "{950E1C6B-8994-4BFB-8E7D-8F28F472ECFD}"
EndProject
Project("{9A19103F-16F7-4668-BE54-9A1E7A4F7556}") = "Puss.Api.Job", "Puss.Api.Job\Puss.Api.Job.csproj", "{2A8F322E-FB01-472D-952A-E50D5357AED5}"
EndProject
Project("{9A19103F-16F7-4668-BE54-9A1E7A4F7556}") = "Puss.Data", "Puss.Data\Puss.Data.csproj", "{973C996B-26B4-4302-AF91-2F3A5E833E08}"
EndProject
Project("{9A19103F-16F7-4668-BE54-9A1E7A4F7556}") = "Puss.Enties", "Puss.Enties\Puss.Enties.csproj", "{4C977C34-1D90-42E5-9EDD-CBCF0C7EB947}"
EndProject
Project("{9A19103F-16F7-4668-BE54-9A1E7A4F7556}") = "Puss.BusinessCore", "Puss.BusinessCore\Puss.BusinessCore.csproj", "{D23F1A7F-CEC4-4F70-9E20-9F04DD73EE08}"
EndProject
Project("{FAE04EC0-301F-11D3-BF4B-00C04F79EFBC}") = "Puss.Application", "Puss.Application\Puss.Application.csproj", "{CC3371A7-B53E-4AE6-886F-7264DC0A7B46}"
EndProject
Project("{FAE04EC0-301F-11D3-BF4B-00C04F79EFBC}") = "Puss.Email", "Puss.Email\Puss.Email.csproj", "{01AF5614-448C-4265-8CA6-D766553EB4CD}"
EndProject
Project("{FAE04EC0-301F-11D3-BF4B-00C04F79EFBC}") = "Puss.RabbitMq", "Puss.RabbitMq\Puss.RabbitMq.csproj", "{01EE55B4-815D-4D78-A2A9-CE372324B8E5}"
EndProject
Project("{FAE04EC0-301F-11D3-BF4B-00C04F79EFBC}") = "Puss.Redis", "Puss.Redis\Puss.Redis.csproj", "{92EBFDD2-4371-4B8C-B793-E7B7859C293D}"
EndProject
Project("{FAE04EC0-301F-11D3-BF4B-00C04F79EFBC}") = "Puss.Reptile", "Puss.Reptile\Puss.Reptile.csproj", "{EE9BE321-D8DB-4450-BD63-5EB1C0F99FB8}"
EndProject
Global
	GlobalSection(SolutionConfigurationPlatforms) = preSolution
		Debug|Any CPU = Debug|Any CPU
		Release|Any CPU = Release|Any CPU
	EndGlobalSection
	GlobalSection(ProjectConfigurationPlatforms) = postSolution
		{B1F23136-7CB9-4C95-A3B4-3E37410AFCBE}.Debug|Any CPU.ActiveCfg = Debug|Any CPU
		{B1F23136-7CB9-4C95-A3B4-3E37410AFCBE}.Debug|Any CPU.Build.0 = Debug|Any CPU
		{B1F23136-7CB9-4C95-A3B4-3E37410AFCBE}.Release|Any CPU.ActiveCfg = Release|Any CPU
		{B1F23136-7CB9-4C95-A3B4-3E37410AFCBE}.Release|Any CPU.Build.0 = Release|Any CPU
		{5037C2A2-BFAF-4B01-9B7F-C926B658C793}.Debug|Any CPU.ActiveCfg = Debug|Any CPU
		{5037C2A2-BFAF-4B01-9B7F-C926B658C793}.Debug|Any CPU.Build.0 = Debug|Any CPU
		{5037C2A2-BFAF-4B01-9B7F-C926B658C793}.Release|Any CPU.ActiveCfg = Release|Any CPU
		{5037C2A2-BFAF-4B01-9B7F-C926B658C793}.Release|Any CPU.Build.0 = Release|Any CPU
		{0998D3B9-4BCB-4BF3-AF9F-4FBD88669A3C}.Debug|Any CPU.ActiveCfg = Debug|Any CPU
		{0998D3B9-4BCB-4BF3-AF9F-4FBD88669A3C}.Debug|Any CPU.Build.0 = Debug|Any CPU
		{0998D3B9-4BCB-4BF3-AF9F-4FBD88669A3C}.Release|Any CPU.ActiveCfg = Release|Any CPU
		{0998D3B9-4BCB-4BF3-AF9F-4FBD88669A3C}.Release|Any CPU.Build.0 = Release|Any CPU
		{1A7E5FC4-8D66-437B-AD72-AFD4118603B1}.Debug|Any CPU.ActiveCfg = Debug|Any CPU
		{1A7E5FC4-8D66-437B-AD72-AFD4118603B1}.Debug|Any CPU.Build.0 = Debug|Any CPU
		{1A7E5FC4-8D66-437B-AD72-AFD4118603B1}.Release|Any CPU.ActiveCfg = Release|Any CPU
		{1A7E5FC4-8D66-437B-AD72-AFD4118603B1}.Release|Any CPU.Build.0 = Release|Any CPU
		{11EF24B4-6AA1-4CC5-8653-B060130951FE}.Debug|Any CPU.ActiveCfg = Debug|Any CPU
		{11EF24B4-6AA1-4CC5-8653-B060130951FE}.Debug|Any CPU.Build.0 = Debug|Any CPU
		{11EF24B4-6AA1-4CC5-8653-B060130951FE}.Release|Any CPU.ActiveCfg = Release|Any CPU
		{11EF24B4-6AA1-4CC5-8653-B060130951FE}.Release|Any CPU.Build.0 = Release|Any CPU
		{E7ABE669-4C1E-45E6-A95F-5438FA0FFD02}.Debug|Any CPU.ActiveCfg = Debug|Any CPU
		{E7ABE669-4C1E-45E6-A95F-5438FA0FFD02}.Debug|Any CPU.Build.0 = Debug|Any CPU
		{E7ABE669-4C1E-45E6-A95F-5438FA0FFD02}.Release|Any CPU.ActiveCfg = Release|Any CPU
		{E7ABE669-4C1E-45E6-A95F-5438FA0FFD02}.Release|Any CPU.Build.0 = Release|Any CPU
		{61728B20-7FEC-4ABB-9D67-6F87E03F5659}.Debug|Any CPU.ActiveCfg = Debug|Any CPU
		{61728B20-7FEC-4ABB-9D67-6F87E03F5659}.Debug|Any CPU.Build.0 = Debug|Any CPU
		{61728B20-7FEC-4ABB-9D67-6F87E03F5659}.Release|Any CPU.ActiveCfg = Release|Any CPU
		{61728B20-7FEC-4ABB-9D67-6F87E03F5659}.Release|Any CPU.Build.0 = Release|Any CPU
		{BED03A05-61B3-4E76-8314-DA64418EA626}.Debug|Any CPU.ActiveCfg = Debug|Any CPU
		{BED03A05-61B3-4E76-8314-DA64418EA626}.Debug|Any CPU.Build.0 = Debug|Any CPU
		{BED03A05-61B3-4E76-8314-DA64418EA626}.Release|Any CPU.ActiveCfg = Release|Any CPU
		{BED03A05-61B3-4E76-8314-DA64418EA626}.Release|Any CPU.Build.0 = Release|Any CPU
		{950E1C6B-8994-4BFB-8E7D-8F28F472ECFD}.Debug|Any CPU.ActiveCfg = Debug|Any CPU
		{950E1C6B-8994-4BFB-8E7D-8F28F472ECFD}.Debug|Any CPU.Build.0 = Debug|Any CPU
		{950E1C6B-8994-4BFB-8E7D-8F28F472ECFD}.Release|Any CPU.ActiveCfg = Release|Any CPU
		{950E1C6B-8994-4BFB-8E7D-8F28F472ECFD}.Release|Any CPU.Build.0 = Release|Any CPU
		{2A8F322E-FB01-472D-952A-E50D5357AED5}.Debug|Any CPU.ActiveCfg = Debug|Any CPU
		{2A8F322E-FB01-472D-952A-E50D5357AED5}.Debug|Any CPU.Build.0 = Debug|Any CPU
		{2A8F322E-FB01-472D-952A-E50D5357AED5}.Release|Any CPU.ActiveCfg = Release|Any CPU
		{2A8F322E-FB01-472D-952A-E50D5357AED5}.Release|Any CPU.Build.0 = Release|Any CPU
		{973C996B-26B4-4302-AF91-2F3A5E833E08}.Debug|Any CPU.ActiveCfg = Debug|Any CPU
		{973C996B-26B4-4302-AF91-2F3A5E833E08}.Debug|Any CPU.Build.0 = Debug|Any CPU
		{973C996B-26B4-4302-AF91-2F3A5E833E08}.Release|Any CPU.ActiveCfg = Release|Any CPU
		{973C996B-26B4-4302-AF91-2F3A5E833E08}.Release|Any CPU.Build.0 = Release|Any CPU
		{4C977C34-1D90-42E5-9EDD-CBCF0C7EB947}.Debug|Any CPU.ActiveCfg = Debug|Any CPU
		{4C977C34-1D90-42E5-9EDD-CBCF0C7EB947}.Debug|Any CPU.Build.0 = Debug|Any CPU
		{4C977C34-1D90-42E5-9EDD-CBCF0C7EB947}.Release|Any CPU.ActiveCfg = Release|Any CPU
		{4C977C34-1D90-42E5-9EDD-CBCF0C7EB947}.Release|Any CPU.Build.0 = Release|Any CPU
		{D23F1A7F-CEC4-4F70-9E20-9F04DD73EE08}.Debug|Any CPU.ActiveCfg = Debug|Any CPU
		{D23F1A7F-CEC4-4F70-9E20-9F04DD73EE08}.Debug|Any CPU.Build.0 = Debug|Any CPU
		{D23F1A7F-CEC4-4F70-9E20-9F04DD73EE08}.Release|Any CPU.ActiveCfg = Release|Any CPU
		{D23F1A7F-CEC4-4F70-9E20-9F04DD73EE08}.Release|Any CPU.Build.0 = Release|Any CPU
		{CC3371A7-B53E-4AE6-886F-7264DC0A7B46}.Debug|Any CPU.ActiveCfg = Debug|Any CPU
		{CC3371A7-B53E-4AE6-886F-7264DC0A7B46}.Debug|Any CPU.Build.0 = Debug|Any CPU
		{CC3371A7-B53E-4AE6-886F-7264DC0A7B46}.Release|Any CPU.ActiveCfg = Release|Any CPU
		{CC3371A7-B53E-4AE6-886F-7264DC0A7B46}.Release|Any CPU.Build.0 = Release|Any CPU
		{01AF5614-448C-4265-8CA6-D766553EB4CD}.Debug|Any CPU.ActiveCfg = Debug|Any CPU
		{01AF5614-448C-4265-8CA6-D766553EB4CD}.Debug|Any CPU.Build.0 = Debug|Any CPU
		{01AF5614-448C-4265-8CA6-D766553EB4CD}.Release|Any CPU.ActiveCfg = Release|Any CPU
		{01AF5614-448C-4265-8CA6-D766553EB4CD}.Release|Any CPU.Build.0 = Release|Any CPU
		{01EE55B4-815D-4D78-A2A9-CE372324B8E5}.Debug|Any CPU.ActiveCfg = Debug|Any CPU
		{01EE55B4-815D-4D78-A2A9-CE372324B8E5}.Debug|Any CPU.Build.0 = Debug|Any CPU
		{01EE55B4-815D-4D78-A2A9-CE372324B8E5}.Release|Any CPU.ActiveCfg = Release|Any CPU
		{01EE55B4-815D-4D78-A2A9-CE372324B8E5}.Release|Any CPU.Build.0 = Release|Any CPU
		{92EBFDD2-4371-4B8C-B793-E7B7859C293D}.Debug|Any CPU.ActiveCfg = Debug|Any CPU
		{92EBFDD2-4371-4B8C-B793-E7B7859C293D}.Debug|Any CPU.Build.0 = Debug|Any CPU
		{92EBFDD2-4371-4B8C-B793-E7B7859C293D}.Release|Any CPU.ActiveCfg = Release|Any CPU
		{92EBFDD2-4371-4B8C-B793-E7B7859C293D}.Release|Any CPU.Build.0 = Release|Any CPU
		{EE9BE321-D8DB-4450-BD63-5EB1C0F99FB8}.Debug|Any CPU.ActiveCfg = Debug|Any CPU
		{EE9BE321-D8DB-4450-BD63-5EB1C0F99FB8}.Debug|Any CPU.Build.0 = Debug|Any CPU
		{EE9BE321-D8DB-4450-BD63-5EB1C0F99FB8}.Release|Any CPU.ActiveCfg = Release|Any CPU
		{EE9BE321-D8DB-4450-BD63-5EB1C0F99FB8}.Release|Any CPU.Build.0 = Release|Any CPU
	EndGlobalSection
	GlobalSection(SolutionProperties) = preSolution
		HideSolutionNode = FALSE
	EndGlobalSection
	GlobalSection(NestedProjects) = preSolution
		{B1F23136-7CB9-4C95-A3B4-3E37410AFCBE} = {6738FE0B-8D8E-4112-B3EE-2F5251E8BF1C}
		{5037C2A2-BFAF-4B01-9B7F-C926B658C793} = {B60CB1B8-F0C4-4ECC-9BF4-E69960A5689C}
		{0998D3B9-4BCB-4BF3-AF9F-4FBD88669A3C} = {B60CB1B8-F0C4-4ECC-9BF4-E69960A5689C}
		{1A7E5FC4-8D66-437B-AD72-AFD4118603B1} = {B60CB1B8-F0C4-4ECC-9BF4-E69960A5689C}
		{11EF24B4-6AA1-4CC5-8653-B060130951FE} = {C7ECBA8F-ABBA-44B1-8225-77264F53B697}
		{E7ABE669-4C1E-45E6-A95F-5438FA0FFD02} = {B60CB1B8-F0C4-4ECC-9BF4-E69960A5689C}
		{61728B20-7FEC-4ABB-9D67-6F87E03F5659} = {B60CB1B8-F0C4-4ECC-9BF4-E69960A5689C}
		{BED03A05-61B3-4E76-8314-DA64418EA626} = {6738FE0B-8D8E-4112-B3EE-2F5251E8BF1C}
		{950E1C6B-8994-4BFB-8E7D-8F28F472ECFD} = {6738FE0B-8D8E-4112-B3EE-2F5251E8BF1C}
		{2A8F322E-FB01-472D-952A-E50D5357AED5} = {6738FE0B-8D8E-4112-B3EE-2F5251E8BF1C}
		{973C996B-26B4-4302-AF91-2F3A5E833E08} = {C7ECBA8F-ABBA-44B1-8225-77264F53B697}
		{4C977C34-1D90-42E5-9EDD-CBCF0C7EB947} = {C7ECBA8F-ABBA-44B1-8225-77264F53B697}
		{D23F1A7F-CEC4-4F70-9E20-9F04DD73EE08} = {C7ECBA8F-ABBA-44B1-8225-77264F53B697}
		{CC3371A7-B53E-4AE6-886F-7264DC0A7B46} = {B60CB1B8-F0C4-4ECC-9BF4-E69960A5689C}
		{01AF5614-448C-4265-8CA6-D766553EB4CD} = {B60CB1B8-F0C4-4ECC-9BF4-E69960A5689C}
		{01EE55B4-815D-4D78-A2A9-CE372324B8E5} = {B60CB1B8-F0C4-4ECC-9BF4-E69960A5689C}
		{92EBFDD2-4371-4B8C-B793-E7B7859C293D} = {B60CB1B8-F0C4-4ECC-9BF4-E69960A5689C}
		{EE9BE321-D8DB-4450-BD63-5EB1C0F99FB8} = {B60CB1B8-F0C4-4ECC-9BF4-E69960A5689C}
	EndGlobalSection
	GlobalSection(ExtensibilityGlobals) = postSolution
		SolutionGuid = {59F6E3B6-A66D-4C21-9329-CF920749F1C2}
	EndGlobalSection
EndGlobal
